<?xml version="1.0" encoding="utf-8"?>
<Project ToolsVersion="4.0" xmlns="http://schemas.microsoft.com/developer/msbuild/2003">
  <ItemGroup>
    <ClCompile Include="examples\pleven-mafia-wars\Chistkata.cpp" />
    <ClCompile Include="glad.c" />
    <ClCompile Include="main.cpp" />
    <ClCompile Include="src\engine\buffer\BufferSwitch.cpp" />
    <ClCompile Include="src\engine\camera\Camera.cpp" />
    <ClCompile Include="src\engine\camera\FPSCamera.cpp" />
    <ClCompile Include="src\engine\camera\RTSCamera.cpp" />
    <ClCompile Include="src\engine\core\Graphics.cpp" />
    <ClCompile Include="src\engine\core\PhysicsSystem.cpp" />
    <ClCompile Include="src\engine\Engine.cpp" />
    <ClCompile Include="src\engine\input\KeyboardInput.cpp" />
    <ClCompile Include="src\engine\input\MouseInput.cpp" />
    <ClCompile Include="src\engine\lighting\Light.cpp" />
    <ClCompile Include="src\engine\models\Circle.cpp" />
    <ClCompile Include="src\engine\models\Rect.cpp" />
    <ClCompile Include="src\engine\models\serialisation\CubeBufferSerialiser.cpp" />
    <ClCompile Include="src\engine\models\serialisation\LineBufferSerialiser.cpp" />
    <ClCompile Include="src\engine\models\serialisation\PointBufferSerialiser.cpp" />
    <ClCompile Include="src\engine\models\serialisation\RectBufferSerialiser.cpp" />
    <ClCompile Include="src\engine\models\serialisation\TriangleBufferSerialiser.cpp" />
    <ClCompile Include="src\engine\models\Triangle.cpp" />
    <ClCompile Include="src\engine\render\Renderer.cpp" />
    <ClCompile Include="src\engine\shaders\ShaderLoader.cpp" />
    <ClCompile Include="src\engine\ui\Window.cpp" />
    <ClCompile Include="src\opengl\buffers\BufferConfigurer.cpp" />
    <ClCompile Include="src\opengl\ebo\ElementBufferObject.cpp" />
    <ClCompile Include="src\opengl\shader\ShaderProgram.cpp" />
    <ClCompile Include="src\opengl\texture\TextureComponent.cpp" />
    <ClCompile Include="src\opengl\vao\VertexArrayObject.cpp" />
    <ClCompile Include="src\opengl\vbo\VertexBufferObject.cpp" />
    <ClCompile Include="stb_image.cpp" />
    <ClCompile Include="examples\ballkek\Ballkek.cpp" />
  </ItemGroup>
  <ItemGroup>
    <ClInclude Include="examples\pleven-mafia-wars\Chistkata.h" />
    <ClInclude Include="src\engine\buffer\BufferSwitch.h" />
    <ClInclude Include="src\engine\camera\Camera.h" />
    <ClInclude Include="src\engine\camera\FPSCamera.h" />
    <ClInclude Include="src\engine\camera\RTSCamera.h" />
    <ClInclude Include="src\engine\core\Graphics.h" />
    <ClInclude Include="src\engine\core\PhysicsSystem.h" />
    <ClInclude Include="src\engine\Engine.h" />
    <ClInclude Include="src\engine\input\KeyboardInput.h" />
    <ClInclude Include="src\engine\input\MouseInput.h" />
    <ClInclude Include="src\engine\lighting\Light.h" />
    <ClInclude Include="src\engine\models\Circle.h" />
    <ClInclude Include="src\engine\models\ColorTriangle.h" />
    <ClInclude Include="src\engine\models\Line.h" />
    <ClInclude Include="src\engine\models\Object.h" />
    <ClInclude Include="src\engine\models\ObjectType.h" />
    <ClInclude Include="src\engine\models\Plane.h" />
    <ClInclude Include="src\engine\models\Point.h" />
    <ClInclude Include="src\engine\models\Rect.h" />
    <ClInclude Include="src\engine\models\serialisation\CubeBufferSerialiser.h" />
    <ClInclude Include="src\engine\models\serialisation\LineBufferSerialiser.h" />
    <ClInclude Include="src\engine\models\serialisation\PointBufferSerialiser.h" />
    <ClInclude Include="src\engine\models\serialisation\RectBufferSerialiser.h" />
    <ClInclude Include="src\engine\models\serialisation\TriangleBufferSerialiser.h" />
    <ClInclude Include="src\engine\models\TexturedTriangle.h" />
    <ClInclude Include="src\engine\models\Triangle.h" />
    <ClInclude Include="src\engine\models\TypeDefs.h" />
    <ClInclude Include="src\engine\render\Renderer.h" />
    <ClInclude Include="src\engine\shaders\ShaderLoader.h" />
    <ClInclude Include="src\engine\storage\BagOf.h" />
    <ClInclude Include="src\engine\ui\Window.h" />
    <ClInclude Include="src\opengl\buffers\BufferConfigurer.h" />
    <ClInclude Include="src\opengl\ebo\ElementBufferObject.h" />
    <ClInclude Include="src\opengl\models\LineVertex.h" />
    <ClInclude Include="src\opengl\models\Vertex.h" />
    <ClInclude Include="src\opengl\shader\ShaderProgram.h" />
    <ClInclude Include="src\opengl\texture\TextureComponent.h" />
    <ClInclude Include="src\opengl\vao\VertexArrayObject.h" />
    <ClInclude Include="src\opengl\vbo\VertexBufferObject.h" />
    <ClInclude Include="stb_image.h" />
    <ClInclude Include="src\engine\models\DrawingData.h" />
    <ClInclude Include="src\engine\models\Rect2D.h" />
    <ClInclude Include="examples\ballkek\Ballkek.h" />
  </ItemGroup>
  <ItemGroup>
    <None Include="README.md" />
    <None Include="src\engine\shaders\color_vertex.glsl" />
    <None Include="src\engine\shaders\default_fragment.glsl" />
    <None Include="src\engine\shaders\default_vertex.glsl" />
    <None Include="src\engine\shaders\fragment_2.glsl" />
    <None Include="src\engine\shaders\light_fragment.glsl" />
    <None Include="src\engine\shaders\line_fragment_shader.glsl" />
    <None Include="src\engine\shaders\line_vertex_shader.glsl" />
    <None Include="src\engine\shaders\model_fragment.glsl" />
    <None Include="src\engine\shaders\point_fs.glsl" />
    <None Include="src\engine\shaders\point_vs.glsl" />
    <None Include="src\engine\shaders\shined_upon.glsl" />
    <None Include="src\engine\shaders\simple_fragment.glsl" />
    <None Include="src\engine\shaders\simple_vertex.glsl" />
    <None Include="src\engine\shaders\texture_fragment.glsl" />
    <None Include="src\engine\shaders\texture_vertex.glsl" />
    <None Include="src\engine\shaders\vertex_index_aware_vertex_shader.glsl" />
  </ItemGroup>
</Project>