<?xml version="1.0" encoding="utf-8"?>
<Project ToolsVersion="4.0" xmlns="http://schemas.microsoft.com/developer/msbuild/2003">
  <ItemGroup>
    <Filter Include="Source Files">
      <UniqueIdentifier>{4FC737F1-C7A5-4376-A066-2A32D752A2FF}</UniqueIdentifier>
      <Extensions>cpp;c;cc;cxx;c++;cppm;ixx;def;odl;idl;hpj;bat;asm;asmx</Extensions>
    </Filter>
    <Filter Include="Header Files">
      <UniqueIdentifier>{93995380-89BD-4b04-88EB-625FBE52EBFB}</UniqueIdentifier>
      <Extensions>h;hh;hpp;hxx;h++;hm;inl;inc;ipp;xsd</Extensions>
    </Filter>
    <Filter Include="Resource Files">
      <UniqueIdentifier>{67DA6AB6-F800-4c08-8B7A-83BB121AAD01}</UniqueIdentifier>
      <Extensions>rc;ico;cur;bmp;dlg;rc2;rct;bin;rgs;gif;jpg;jpeg;jpe;resx;tiff;tif;png;wav;mfcribbon-ms</Extensions>
    </Filter>
  </ItemGroup>
  <ItemGroup>
    <ClCompile Include="main.cpp">
      <Filter>Source Files</Filter>
    </ClCompile>
    <ClCompile Include="stb_image.cpp">
      <Filter>Source Files</Filter>
    </ClCompile>
    <ClCompile Include="glad.c">
      <Filter>Source Files</Filter>
    </ClCompile>
    <ClCompile Include="ui\Window.cpp">
      <Filter>Source Files</Filter>
    </ClCompile>
    <ClCompile Include="graphics\Graphics.cpp">
      <Filter>Source Files</Filter>
    </ClCompile>
    <ClCompile Include="input\KeyboardInput.cpp">
      <Filter>Source Files</Filter>
    </ClCompile>
    <ClCompile Include="graphics\VertexBufferObject.cpp">
      <Filter>Source Files</Filter>
    </ClCompile>
    <ClCompile Include="utils\ShaderLoader.cpp">
      <Filter>Source Files</Filter>
    </ClCompile>
    <ClCompile Include="graphics\ShaderProgram.cpp">
      <Filter>Source Files</Filter>
    </ClCompile>
    <ClCompile Include="graphics\VertexArrayObject.cpp">
      <Filter>Source Files</Filter>
    </ClCompile>
    <ClCompile Include="utils\TextureComponent.cpp">
      <Filter>Source Files</Filter>
    </ClCompile>
    <ClCompile Include="models\Rect.cpp">
      <Filter>Source Files</Filter>
    </ClCompile>
    <ClCompile Include="models\Triangle.cpp">
      <Filter>Source Files</Filter>
    </ClCompile>
    <ClCompile Include="engine\Engine.cpp">
      <Filter>Source Files</Filter>
    </ClCompile>
    <ClCompile Include="arcanoid\Arcanoid.cpp">
      <Filter>Source Files</Filter>
    </ClCompile>
    <ClCompile Include="models\TexturedRect.cpp">
      <Filter>Source Files</Filter>
    </ClCompile>
    <ClCompile Include="attributes\RectAttributeConfigurer.cpp">
      <Filter>Source Files</Filter>
    </ClCompile>
    <ClCompile Include="serialisation\RectBufferSerialiser.cpp">
      <Filter>Source Files</Filter>
    </ClCompile>
    <ClCompile Include="serialisation\TexturedRectBufferSerialiser.cpp">
      <Filter>Source Files</Filter>
    </ClCompile>
    <ClCompile Include="attributes\TexturedRectAttributeConfigurer.cpp">
      <Filter>Source Files</Filter>
    </ClCompile>
  </ItemGroup>
  <ItemGroup>
    <ClInclude Include="stb_image.h">
      <Filter>Header Files</Filter>
    </ClInclude>
    <ClInclude Include="ui\Window.h">
      <Filter>Header Files</Filter>
    </ClInclude>
    <ClInclude Include="graphics\Graphics.h">
      <Filter>Header Files</Filter>
    </ClInclude>
    <ClInclude Include="input\KeyboardInput.h">
      <Filter>Header Files</Filter>
    </ClInclude>
    <ClInclude Include="models\Triangle.h">
      <Filter>Header Files</Filter>
    </ClInclude>
    <ClInclude Include="models\TypeDefs.h">
      <Filter>Header Files</Filter>
    </ClInclude>
    <ClInclude Include="models\Object.h">
      <Filter>Header Files</Filter>
    </ClInclude>
    <ClInclude Include="graphics\VertexBufferObject.h">
      <Filter>Header Files</Filter>
    </ClInclude>
    <ClInclude Include="utils\ShaderLoader.h">
      <Filter>Header Files</Filter>
    </ClInclude>
    <ClInclude Include="graphics\ShaderProgram.h">
      <Filter>Header Files</Filter>
    </ClInclude>
    <ClInclude Include="graphics\VertexArrayObject.h">
      <Filter>Header Files</Filter>
    </ClInclude>
    <ClInclude Include="models\Rect.h">
      <Filter>Header Files</Filter>
    </ClInclude>
    <ClInclude Include="graphics\ObjectComponent.h">
      <Filter>Header Files</Filter>
    </ClInclude>
    <ClInclude Include="models\VertexAttribute.h">
      <Filter>Header Files</Filter>
    </ClInclude>
    <ClInclude Include="models\ColorTriangle.h">
      <Filter>Header Files</Filter>
    </ClInclude>
    <ClInclude Include="models\Vertex.h">
      <Filter>Header Files</Filter>
    </ClInclude>
    <ClInclude Include="utils\TextureComponent.h">
      <Filter>Header Files</Filter>
    </ClInclude>
    <ClInclude Include="models\TexturedTriangle.h">
      <Filter>Header Files</Filter>
    </ClInclude>
    <ClInclude Include="graphics\RectComponent.h">
      <Filter>Header Files</Filter>
    </ClInclude>
    <ClInclude Include="engine\Engine.h">
      <Filter>Header Files</Filter>
    </ClInclude>
    <ClInclude Include="arcanoid\Arcanoid.h">
      <Filter>Header Files</Filter>
    </ClInclude>
    <ClInclude Include="utils\MathUtils.h">
      <Filter>Header Files</Filter>
    </ClInclude>
    <ClInclude Include="engine\objects\GameObject.h">
      <Filter>Header Files</Filter>
    </ClInclude>
    <ClInclude Include="engine\objects\RectGameObject.h">
      <Filter>Header Files</Filter>
    </ClInclude>
    <ClInclude Include="models\TexturedRect.h">
      <Filter>Header Files</Filter>
    </ClInclude>
    <ClInclude Include="attributes\AttributeConfigurer.h">
      <Filter>Header Files</Filter>
    </ClInclude>
    <ClInclude Include="attributes\RectAttributeConfigurer.h">
      <Filter>Header Files</Filter>
    </ClInclude>
    <ClInclude Include="serialisation\RectBufferSerialiser.h">
      <Filter>Header Files</Filter>
    </ClInclude>
    <ClInclude Include="serialisation\BufferSerialiser.h">
      <Filter>Header Files</Filter>
    </ClInclude>
    <ClInclude Include="serialisation\TexturedRectBufferSerialiser.h">
      <Filter>Header Files</Filter>
    </ClInclude>
    <ClInclude Include="attributes\TexturedRectAttributeConfigurer.h">
      <Filter>Header Files</Filter>
    </ClInclude>
  </ItemGroup>
  <ItemGroup>
    <None Include="shaders\simple_vertex.glsl" />
    <None Include="shaders\simple_fragment.glsl" />
    <None Include="shaders\fragment_2.glsl" />
    <None Include="shaders\color_vertex.glsl" />
    <None Include="shaders\texture_fragment.glsl" />
    <None Include="shaders\texture_vertex.glsl" />
    <None Include="README.md" />
  </ItemGroup>
</Project>